Microsoft Visual Studio Solution File, Format Version 12.00
# Visual Studio Version 17
VisualStudioVersion = 17.10.35027.167
MinimumVisualStudioVersion = 10.0.40219.1
Project("{9A19103F-16F7-4668-BE54-9A1E7A4F7556}") = "Community.PowerToys.Run.Plugin.run-putty", "Community.PowerToys.Run.Plugin.run-putty\Community.PowerToys.Run.Plugin.run-putty.csproj", "{2E9EDC06-7B8B-404B-B27C-FDF2D3A36F62}"
EndProject
Project("{9A19103F-16F7-4668-BE54-9A1E7A4F7556}") = "Community.PowerToys.Run.Plugin.run-putty.UnitTests", "Community.PowerToys.Run.Plugin.run-putty.UnitTests\Community.PowerToys.Run.Plugin.run-putty.UnitTests.csproj", "{3FAECCBB-A6D5-45D0-B855-19C1BF1AB1B2}"
EndProject
Global
	GlobalSection(SolutionConfigurationPlatforms) = preSolution
		Debug|ARM64 = Debug|ARM64
		Debug|x64 = Debug|x64
		Release|ARM64 = Release|ARM64
		Release|x64 = Release|x64
	EndGlobalSection
	GlobalSection(ProjectConfigurationPlatforms) = postSolution
		{2E9EDC06-7B8B-404B-B27C-FDF2D3A36F62}.Debug|ARM64.ActiveCfg = Debug|ARM64
		{2E9EDC06-7B8B-404B-B27C-FDF2D3A36F62}.Debug|ARM64.Build.0 = Debug|ARM64
		{2E9EDC06-7B8B-404B-B27C-FDF2D3A36F62}.Debug|x64.ActiveCfg = Debug|x64
		{2E9EDC06-7B8B-404B-B27C-FDF2D3A36F62}.Debug|x64.Build.0 = Debug|x64
		{2E9EDC06-7B8B-404B-B27C-FDF2D3A36F62}.Release|ARM64.ActiveCfg = Release|ARM64
		{2E9EDC06-7B8B-404B-B27C-FDF2D3A36F62}.Release|ARM64.Build.0 = Release|ARM64
		{2E9EDC06-7B8B-404B-B27C-FDF2D3A36F62}.Release|x64.ActiveCfg = Release|x64
		{2E9EDC06-7B8B-404B-B27C-FDF2D3A36F62}.Release|x64.Build.0 = Release|x64
		{3FAECCBB-A6D5-45D0-B855-19C1BF1AB1B2}.Debug|ARM64.ActiveCfg = Debug|ARM64
		{3FAECCBB-A6D5-45D0-B855-19C1BF1AB1B2}.Debug|ARM64.Build.0 = Debug|ARM64
		{3FAECCBB-A6D5-45D0-B855-19C1BF1AB1B2}.Debug|x64.ActiveCfg = Debug|x64
		{3FAECCBB-A6D5-45D0-B855-19C1BF1AB1B2}.Debug|x64.Build.0 = Debug|x64
		{3FAECCBB-A6D5-45D0-B855-19C1BF1AB1B2}.Release|ARM64.ActiveCfg = Release|ARM64
		{3FAECCBB-A6D5-45D0-B855-19C1BF1AB1B2}.Release|ARM64.Build.0 = Release|ARM64
		{3FAECCBB-A6D5-45D0-B855-19C1BF1AB1B2}.Release|x64.ActiveCfg = Release|x64
		{3FAECCBB-A6D5-45D0-B855-19C1BF1AB1B2}.Release|x64.Build.0 = Release|x64
	EndGlobalSection
	GlobalSection(SolutionProperties) = preSolution
		HideSolutionNode = FALSE
	EndGlobalSection
	GlobalSection(ExtensibilityGlobals) = postSolution
		SolutionGuid = {52E23A58-E446-4EB8-81AC-03BA70A3C8E8}
	EndGlobalSection
EndGlobal
